// !$*UTF8*$!
{
	archiveVersion = 1;
	classes = {
	};
	objectVersion = 46;
	objects = {

/* Begin PBXBuildFile section */
		A7127FBE1D0320B10020F058 /* main.m in Sources */ = {isa = PBXBuildFile; fileRef = A7127FBD1D0320B10020F058 /* main.m */; };
		A7127FC11D0320B10020F058 /* AppDelegate.m in Sources */ = {isa = PBXBuildFile; fileRef = A7127FC01D0320B10020F058 /* AppDelegate.m */; };
		A7127FC41D0320B10020F058 /* ViewController.m in Sources */ = {isa = PBXBuildFile; fileRef = A7127FC31D0320B10020F058 /* ViewController.m */; };
		A7127FC71D0320B10020F058 /* Main.storyboard in Resources */ = {isa = PBXBuildFile; fileRef = A7127FC51D0320B10020F058 /* Main.storyboard */; };
		A7127FC91D0320B10020F058 /* Assets.xcassets in Resources */ = {isa = PBXBuildFile; fileRef = A7127FC81D0320B10020F058 /* Assets.xcassets */; };
		A7127FCC1D0320B10020F058 /* LaunchScreen.storyboard in Resources */ = {isa = PBXBuildFile; fileRef = A7127FCA1D0320B10020F058 /* LaunchScreen.storyboard */; };
		A71280621D032FC30020F058 /* libgettext-ios.a in Frameworks */ = {isa = PBXBuildFile; fileRef = A71280611D032FC30020F058 /* libgettext-ios.a */; };
		A71280641D0331D40020F058 /* libstdc++.6.0.9.dylib in Frameworks */ = {isa = PBXBuildFile; fileRef = A71280631D0331D40020F058 /* libstdc++.6.0.9.dylib */; };
		A7C784941D0580A300D7CBD1 /* default-de-DE.mo in Resources */ = {isa = PBXBuildFile; fileRef = A7C784921D0580A300D7CBD1 /* default-de-DE.mo */; };
		A7C784951D0580A300D7CBD1 /* default-de-DE.po in Resources */ = {isa = PBXBuildFile; fileRef = A7C784931D0580A300D7CBD1 /* default-de-DE.po */; };
/* End PBXBuildFile section */

/* Begin PBXFileReference section */
		A7127FB91D0320B00020F058 /* gettext-ios-demo-objc.app */ = {isa = PBXFileReference; explicitFileType = wrapper.application; includeInIndex = 0; path = "gettext-ios-demo-objc.app"; sourceTree = BUILT_PRODUCTS_DIR; };
		A7127FBD1D0320B10020F058 /* main.m */ = {isa = PBXFileReference; lastKnownFileType = sourcecode.c.objc; path = main.m; sourceTree = "<group>"; };
		A7127FBF1D0320B10020F058 /* AppDelegate.h */ = {isa = PBXFileReference; lastKnownFileType = sourcecode.c.h; path = AppDelegate.h; sourceTree = "<group>"; };
		A7127FC01D0320B10020F058 /* AppDelegate.m */ = {isa = PBXFileReference; lastKnownFileType = sourcecode.c.objc; path = AppDelegate.m; sourceTree = "<group>"; };
		A7127FC21D0320B10020F058 /* ViewController.h */ = {isa = PBXFileReference; lastKnownFileType = sourcecode.c.h; path = ViewController.h; sourceTree = "<group>"; };
		A7127FC31D0320B10020F058 /* ViewController.m */ = {isa = PBXFileReference; lastKnownFileType = sourcecode.c.objc; path = ViewController.m; sourceTree = "<group>"; };
		A7127FC61D0320B10020F058 /* Base */ = {isa = PBXFileReference; lastKnownFileType = file.storyboard; name = Base; path = Base.lproj/Main.storyboard; sourceTree = "<group>"; };
		A7127FC81D0320B10020F058 /* Assets.xcassets */ = {isa = PBXFileReference; lastKnownFileType = folder.assetcatalog; path = Assets.xcassets; sourceTree = "<group>"; };
		A7127FCB1D0320B10020F058 /* Base */ = {isa = PBXFileReference; lastKnownFileType = file.storyboard; name = Base; path = Base.lproj/LaunchScreen.storyboard; sourceTree = "<group>"; };
		A7127FCD1D0320B10020F058 /* Info.plist */ = {isa = PBXFileReference; lastKnownFileType = text.plist.xml; path = Info.plist; sourceTree = "<group>"; };
		A712805F1D032FC00020F058 /* libmuparser-iphone.a */ = {isa = PBXFileReference; lastKnownFileType = archive.ar; name = "libmuparser-iphone.a"; path = "../build/gettext-ios/Build/Products/Debug-iphoneos/libmuparser-iphone.a"; sourceTree = "<group>"; };
		A71280611D032FC30020F058 /* libgettext-ios.a */ = {isa = PBXFileReference; lastKnownFileType = archive.ar; name = "libgettext-ios.a"; path = "../build/gettext-ios/Build/Products/Debug-iphoneos/libgettext-ios.a"; sourceTree = "<group>"; };
		A71280631D0331D40020F058 /* libstdc++.6.0.9.dylib */ = {isa = PBXFileReference; lastKnownFileType = "compiled.mach-o.dylib"; name = "libstdc++.6.0.9.dylib"; path = "../../../../../usr/lib/libstdc++.6.0.9.dylib"; sourceTree = "<group>"; };
		A7C784921D0580A300D7CBD1 /* default-de-DE.mo */ = {isa = PBXFileReference; lastKnownFileType = file; path = "default-de-DE.mo"; sourceTree = "<group>"; };
		A7C784931D0580A300D7CBD1 /* default-de-DE.po */ = {isa = PBXFileReference; fileEncoding = 4; lastKnownFileType = text; path = "default-de-DE.po"; sourceTree = "<group>"; };
/* End PBXFileReference section */

/* Begin PBXFrameworksBuildPhase section */
		A7127FB61D0320B00020F058 /* Frameworks */ = {
			isa = PBXFrameworksBuildPhase;
			buildActionMask = 2147483647;
			files = (
				A71280641D0331D40020F058 /* libstdc++.6.0.9.dylib in Frameworks */,
				A71280621D032FC30020F058 /* libgettext-ios.a in Frameworks */,
			);
			runOnlyForDeploymentPostprocessing = 0;
		};
/* End PBXFrameworksBuildPhase section */

/* Begin PBXGroup section */
		A7127FB01D0320B00020F058 = {
			isa = PBXGroup;
			children = (
				A7C784921D0580A300D7CBD1 /* default-de-DE.mo */,
				A7C784931D0580A300D7CBD1 /* default-de-DE.po */,
				A71280631D0331D40020F058 /* libstdc++.6.0.9.dylib */,
				A71280611D032FC30020F058 /* libgettext-ios.a */,
				A712805F1D032FC00020F058 /* libmuparser-iphone.a */,
				A7127FBB1D0320B10020F058 /* gettext-ios-demo-objc */,
				A7127FBA1D0320B00020F058 /* Products */,
			);
			sourceTree = "<group>";
		};
		A7127FBA1D0320B00020F058 /* Products */ = {
			isa = PBXGroup;
			children = (
				A7127FB91D0320B00020F058 /* gettext-ios-demo-objc.app */,
			);
			name = Products;
			sourceTree = "<group>";
		};
		A7127FBB1D0320B10020F058 /* gettext-ios-demo-objc */ = {
			isa = PBXGroup;
			children = (
				A7127FBF1D0320B10020F058 /* AppDelegate.h */,
				A7127FC01D0320B10020F058 /* AppDelegate.m */,
				A7127FC21D0320B10020F058 /* ViewController.h */,
				A7127FC31D0320B10020F058 /* ViewController.m */,
				A7127FC51D0320B10020F058 /* Main.storyboard */,
				A7127FC81D0320B10020F058 /* Assets.xcassets */,
				A7127FCA1D0320B10020F058 /* LaunchScreen.storyboard */,
				A7127FCD1D0320B10020F058 /* Info.plist */,
				A7127FBC1D0320B10020F058 /* Supporting Files */,
			);
			path = "gettext-ios-demo-objc";
			sourceTree = "<group>";
		};
		A7127FBC1D0320B10020F058 /* Supporting Files */ = {
			isa = PBXGroup;
			children = (
				A7127FBD1D0320B10020F058 /* main.m */,
			);
			name = "Supporting Files";
			sourceTree = "<group>";
		};
/* End PBXGroup section */

/* Begin PBXNativeTarget section */
		A7127FB81D0320B00020F058 /* gettext-ios-demo-objc */ = {
			isa = PBXNativeTarget;
			buildConfigurationList = A7127FD01D0320B10020F058 /* Build configuration list for PBXNativeTarget "gettext-ios-demo-objc" */;
			buildPhases = (
				A7127FB51D0320B00020F058 /* Sources */,
				A7127FB61D0320B00020F058 /* Frameworks */,
				A7127FB71D0320B00020F058 /* Resources */,
			);
			buildRules = (
			);
			dependencies = (
			);
			name = "gettext-ios-demo-objc";
			productName = "gettext-ios-demo-objc";
			productReference = A7127FB91D0320B00020F058 /* gettext-ios-demo-objc.app */;
			productType = "com.apple.product-type.application";
		};
/* End PBXNativeTarget section */

/* Begin PBXProject section */
		A7127FB11D0320B00020F058 /* Project object */ = {
			isa = PBXProject;
			attributes = {
				LastUpgradeCheck = 0730;
				ORGANIZATIONNAME = "Klickrent GmbH";
				TargetAttributes = {
					A7127FB81D0320B00020F058 = {
						CreatedOnToolsVersion = 7.3.1;
					};
				};
			};
			buildConfigurationList = A7127FB41D0320B00020F058 /* Build configuration list for PBXProject "gettext-ios-demo-objc" */;
			compatibilityVersion = "Xcode 3.2";
			developmentRegion = English;
			hasScannedForEncodings = 0;
			knownRegions = (
				en,
				Base,
			);
			mainGroup = A7127FB01D0320B00020F058;
			productRefGroup = A7127FBA1D0320B00020F058 /* Products */;
			projectDirPath = "";
			projectRoot = "";
			targets = (
				A7127FB81D0320B00020F058 /* gettext-ios-demo-objc */,
			);
		};
/* End PBXProject section */

/* Begin PBXResourcesBuildPhase section */
		A7127FB71D0320B00020F058 /* Resources */ = {
			isa = PBXResourcesBuildPhase;
			buildActionMask = 2147483647;
			files = (
				A7127FCC1D0320B10020F058 /* LaunchScreen.storyboard in Resources */,
				A7127FC91D0320B10020F058 /* Assets.xcassets in Resources */,
				A7C784951D0580A300D7CBD1 /* default-de-DE.po in Resources */,
				A7127FC71D0320B10020F058 /* Main.storyboard in Resources */,
				A7C784941D0580A300D7CBD1 /* default-de-DE.mo in Resources */,
			);
			runOnlyForDeploymentPostprocessing = 0;
		};
/* End PBXResourcesBuildPhase section */

/* Begin PBXSourcesBuildPhase section */
		A7127FB51D0320B00020F058 /* Sources */ = {
			isa = PBXSourcesBuildPhase;
			buildActionMask = 2147483647;
			files = (
				A7127FC41D0320B10020F058 /* ViewController.m in Sources */,
				A7127FC11D0320B10020F058 /* AppDelegate.m in Sources */,
				A7127FBE1D0320B10020F058 /* main.m in Sources */,
			);
			runOnlyForDeploymentPostprocessing = 0;
		};
/* End PBXSourcesBuildPhase section */

/* Begin PBXVariantGroup section */
		A7127FC51D0320B10020F058 /* Main.storyboard */ = {
			isa = PBXVariantGroup;
			children = (
				A7127FC61D0320B10020F058 /* Base */,
			);
			name = Main.storyboard;
			sourceTree = "<group>";
		};
		A7127FCA1D0320B10020F058 /* LaunchScreen.storyboard */ = {
			isa = PBXVariantGroup;
			children = (
				A7127FCB1D0320B10020F058 /* Base */,
			);
			name = LaunchScreen.storyboard;
			sourceTree = "<group>";
		};
/* End PBXVariantGroup section */

/* Begin XCBuildConfiguration section */
		A7127FCE1D0320B10020F058 /* Debug */ = {
			isa = XCBuildConfiguration;
			buildSettings = {
				ALWAYS_SEARCH_USER_PATHS = NO;
				CLANG_ANALYZER_NONNULL = YES;
				CLANG_CXX_LANGUAGE_STANDARD = "gnu++0x";
				CLANG_CXX_LIBRARY = "libc++";
				CLANG_ENABLE_MODULES = YES;
				CLANG_ENABLE_OBJC_ARC = YES;
				CLANG_WARN_BOOL_CONVERSION = YES;
				CLANG_WARN_CONSTANT_CONVERSION = YES;
				CLANG_WARN_DIRECT_OBJC_ISA_USAGE = YES_ERROR;
				CLANG_WARN_EMPTY_BODY = YES;
				CLANG_WARN_ENUM_CONVERSION = YES;
				CLANG_WARN_INT_CONVERSION = YES;
				CLANG_WARN_OBJC_ROOT_CLASS = YES_ERROR;
				CLANG_WARN_UNREACHABLE_CODE = YES;
				CLANG_WARN__DUPLICATE_METHOD_MATCH = YES;
				"CODE_SIGN_IDENTITY[sdk=iphoneos*]" = "iPhone Developer";
				COPY_PHASE_STRIP = NO;
				DEBUG_INFORMATION_FORMAT = dwarf;
				ENABLE_STRICT_OBJC_MSGSEND = YES;
				ENABLE_TESTABILITY = YES;
				GCC_C_LANGUAGE_STANDARD = gnu99;
				GCC_DYNAMIC_NO_PIC = NO;
				GCC_NO_COMMON_BLOCKS = YES;
				GCC_OPTIMIZATION_LEVEL = 0;
				GCC_PREPROCESSOR_DEFINITIONS = (
					"DEBUG=1",
					"$(inherited)",
				);
				GCC_WARN_64_TO_32_BIT_CONVERSION = YES;
				GCC_WARN_ABOUT_RETURN_TYPE = YES_ERROR;
				GCC_WARN_UNDECLARED_SELECTOR = YES;
				GCC_WARN_UNINITIALIZED_AUTOS = YES_AGGRESSIVE;
				GCC_WARN_UNUSED_FUNCTION = YES;
				GCC_WARN_UNUSED_VARIABLE = YES;
				IPHONEOS_DEPLOYMENT_TARGET = 9.3;
				MTL_ENABLE_DEBUG_INFO = YES;
				ONLY_ACTIVE_ARCH = YES;
				SDKROOT = iphoneos;
				TARGETED_DEVICE_FAMILY = "1,2";
			};
			name = Debug;
		};
		A7127FCF1D0320B10020F058 /* Release */ = {
			isa = XCBuildConfiguration;
			buildSettings = {
				ALWAYS_SEARCH_USER_PATHS = NO;
				CLANG_ANALYZER_NONNULL = YES;
				CLANG_CXX_LANGUAGE_STANDARD = "gnu++0x";
				CLANG_CXX_LIBRARY = "libc++";
				CLANG_ENABLE_MODULES = YES;
				CLANG_ENABLE_OBJC_ARC = YES;
				CLANG_WARN_BOOL_CONVERSION = YES;
				CLANG_WARN_CONSTANT_CONVERSION = YES;
				CLANG_WARN_DIRECT_OBJC_ISA_USAGE = YES_ERROR;
				CLANG_WARN_EMPTY_BODY = YES;
				CLANG_WARN_ENUM_CONVERSION = YES;
				CLANG_WARN_INT_CONVERSION = YES;
				CLANG_WARN_OBJC_ROOT_CLASS = YES_ERROR;
				CLANG_WARN_UNREACHABLE_CODE = YES;
				CLANG_WARN__DUPLICATE_METHOD_MATCH = YES;
				"CODE_SIGN_IDENTITY[sdk=iphoneos*]" = "iPhone Developer";
				COPY_PHASE_STRIP = NO;
				DEBUG_INFORMATION_FORMAT = "dwarf-with-dsym";
				ENABLE_NS_ASSERTIONS = NO;
				ENABLE_STRICT_OBJC_MSGSEND = YES;
				GCC_C_LANGUAGE_STANDARD = gnu99;
				GCC_NO_COMMON_BLOCKS = YES;
				GCC_WARN_64_TO_32_BIT_CONVERSION = YES;
				GCC_WARN_ABOUT_RETURN_TYPE = YES_ERROR;
				GCC_WARN_UNDECLARED_SELECTOR = YES;
				GCC_WARN_UNINITIALIZED_AUTOS = YES_AGGRESSIVE;
				GCC_WARN_UNUSED_FUNCTION = YES;
				GCC_WARN_UNUSED_VARIABLE = YES;
				IPHONEOS_DEPLOYMENT_TARGET = 9.3;
				MTL_ENABLE_DEBUG_INFO = NO;
				SDKROOT = iphoneos;
				TARGETED_DEVICE_FAMILY = "1,2";
				VALIDATE_PRODUCT = YES;
			};
			name = Release;
		};
		A7127FD11D0320B10020F058 /* Debug */ = {
			isa = XCBuildConfiguration;
			buildSettings = {
				ASSETCATALOG_COMPILER_APPICON_NAME = AppIcon;
				CLANG_CXX_LIBRARY = "libstdc++";
				HEADER_SEARCH_PATHS = "$(CONFIGURATION_BUILD_DIR)/include/gettext-ios";
				INFOPLIST_FILE = "gettext-ios-demo-objc/Info.plist";
				LD_RUNPATH_SEARCH_PATHS = "$(inherited) @executable_path/Frameworks";
				OTHER_LDFLAGS = "-lstdc++";
				PRODUCT_BUNDLE_IDENTIFIER = "klickrent.gettext-ios-demo-objc";
				PRODUCT_NAME = "$(TARGET_NAME)";
			};
			name = Debug;
		};
		A7127FD21D0320B10020F058 /* Release */ = {
			isa = XCBuildConfiguration;
			buildSettings = {
				ASSETCATALOG_COMPILER_APPICON_NAME = AppIcon;
				CLANG_CXX_LIBRARY = "libstdc++";
				HEADER_SEARCH_PATHS = "$(BUILT_PRODUCTS_DIR)/include/gettext-ios";
				INFOPLIST_FILE = "gettext-ios-demo-objc/Info.plist";
				LD_RUNPATH_SEARCH_PATHS = "$(inherited) @executable_path/Frameworks";
				OTHER_LDFLAGS = "-lstdc++";
				PRODUCT_BUNDLE_IDENTIFIER = "klickrent.gettext-ios-demo-objc";
				PRODUCT_NAME = "$(TARGET_NAME)";
			};
			name = Release;
		};
/* End XCBuildConfiguration section */

/* Begin XCConfigurationList section */
		A7127FB41D0320B00020F058 /* Build configuration list for PBXProject "gettext-ios-demo-objc" */ = {
			isa = XCConfigurationList;
			buildConfigurations = (
				A7127FCE1D0320B10020F058 /* Debug */,
				A7127FCF1D0320B10020F058 /* Release */,
			);
			defaultConfigurationIsVisible = 0;
			defaultConfigurationName = Release;
		};
		A7127FD01D0320B10020F058 /* Build configuration list for PBXNativeTarget "gettext-ios-demo-objc" */ = {
			isa = XCConfigurationList;
			buildConfigurations = (
				A7127FD11D0320B10020F058 /* Debug */,
				A7127FD21D0320B10020F058 /* Release */,
			);
			defaultConfigurationIsVisible = 0;
			defaultConfigurationName = Release;
		};
/* End XCConfigurationList section */
	};
	rootObject = A7127FB11D0320B00020F058 /* Project object */;
}
