// !$*UTF8*$!
{
	archiveVersion = 1;
	classes = {
	};
	objectVersion = 46;
	objects = {

/* Begin PBXBuildFile section */
		A7C784751D057C2600D7CBD1 /* AppDelegate.swift in Sources */ = {isa = PBXBuildFile; fileRef = A7C784741D057C2600D7CBD1 /* AppDelegate.swift */; };
		A7C784771D057C2600D7CBD1 /* ViewController.swift in Sources */ = {isa = PBXBuildFile; fileRef = A7C784761D057C2600D7CBD1 /* ViewController.swift */; };
		A7C7847A1D057C2600D7CBD1 /* Main.storyboard in Resources */ = {isa = PBXBuildFile; fileRef = A7C784781D057C2600D7CBD1 /* Main.storyboard */; };
		A7C7847C1D057C2600D7CBD1 /* Assets.xcassets in Resources */ = {isa = PBXBuildFile; fileRef = A7C7847B1D057C2600D7CBD1 /* Assets.xcassets */; };
		A7C7847F1D057C2600D7CBD1 /* LaunchScreen.storyboard in Resources */ = {isa = PBXBuildFile; fileRef = A7C7847D1D057C2600D7CBD1 /* LaunchScreen.storyboard */; };
		A7C784891D057D9D00D7CBD1 /* NonObject.m in Sources */ = {isa = PBXBuildFile; fileRef = A7C784881D057D9D00D7CBD1 /* NonObject.m */; };
		A7C7848B1D057E7E00D7CBD1 /* libgettext-ios.a in Frameworks */ = {isa = PBXBuildFile; fileRef = A7C7848A1D057E7E00D7CBD1 /* libgettext-ios.a */; };
		A7C7848D1D057ECE00D7CBD1 /* libstdc++.6.0.9.dylib in Frameworks */ = {isa = PBXBuildFile; fileRef = A7C7848C1D057ECE00D7CBD1 /* libstdc++.6.0.9.dylib */; };
		A7C784981D0580B800D7CBD1 /* default-de-DE.mo in Resources */ = {isa = PBXBuildFile; fileRef = A7C784961D0580B800D7CBD1 /* default-de-DE.mo */; };
		A7C784991D0580B800D7CBD1 /* default-de-DE.po in Resources */ = {isa = PBXBuildFile; fileRef = A7C784971D0580B800D7CBD1 /* default-de-DE.po */; };
/* End PBXBuildFile section */

/* Begin PBXFileReference section */
		A7C784711D057C2600D7CBD1 /* gettext-ios-demo-swift.app */ = {isa = PBXFileReference; explicitFileType = wrapper.application; includeInIndex = 0; path = "gettext-ios-demo-swift.app"; sourceTree = BUILT_PRODUCTS_DIR; };
		A7C784741D057C2600D7CBD1 /* AppDelegate.swift */ = {isa = PBXFileReference; lastKnownFileType = sourcecode.swift; path = AppDelegate.swift; sourceTree = "<group>"; };
		A7C784761D057C2600D7CBD1 /* ViewController.swift */ = {isa = PBXFileReference; lastKnownFileType = sourcecode.swift; path = ViewController.swift; sourceTree = "<group>"; };
		A7C784791D057C2600D7CBD1 /* Base */ = {isa = PBXFileReference; lastKnownFileType = file.storyboard; name = Base; path = Base.lproj/Main.storyboard; sourceTree = "<group>"; };
		A7C7847B1D057C2600D7CBD1 /* Assets.xcassets */ = {isa = PBXFileReference; lastKnownFileType = folder.assetcatalog; path = Assets.xcassets; sourceTree = "<group>"; };
		A7C7847E1D057C2600D7CBD1 /* Base */ = {isa = PBXFileReference; lastKnownFileType = file.storyboard; name = Base; path = Base.lproj/LaunchScreen.storyboard; sourceTree = "<group>"; };
		A7C784801D057C2600D7CBD1 /* Info.plist */ = {isa = PBXFileReference; lastKnownFileType = text.plist.xml; path = Info.plist; sourceTree = "<group>"; };
		A7C784861D057D9D00D7CBD1 /* gettext-ios-demo-swift-Bridging-Header.h */ = {isa = PBXFileReference; lastKnownFileType = sourcecode.c.h; path = "gettext-ios-demo-swift-Bridging-Header.h"; sourceTree = "<group>"; };
		A7C784871D057D9D00D7CBD1 /* NonObject.h */ = {isa = PBXFileReference; fileEncoding = 4; lastKnownFileType = sourcecode.c.h; path = NonObject.h; sourceTree = "<group>"; };
		A7C784881D057D9D00D7CBD1 /* NonObject.m */ = {isa = PBXFileReference; fileEncoding = 4; lastKnownFileType = sourcecode.c.objc; path = NonObject.m; sourceTree = "<group>"; };
		A7C7848A1D057E7E00D7CBD1 /* libgettext-ios.a */ = {isa = PBXFileReference; lastKnownFileType = archive.ar; name = "libgettext-ios.a"; path = "../build/gettext-ios/Build/Products/Debug-iphonesimulator/libgettext-ios.a"; sourceTree = "<group>"; };
		A7C7848C1D057ECE00D7CBD1 /* libstdc++.6.0.9.dylib */ = {isa = PBXFileReference; lastKnownFileType = "compiled.mach-o.dylib"; name = "libstdc++.6.0.9.dylib"; path = "../../../../../usr/lib/libstdc++.6.0.9.dylib"; sourceTree = "<group>"; };
		A7C784961D0580B800D7CBD1 /* default-de-DE.mo */ = {isa = PBXFileReference; lastKnownFileType = file; path = "default-de-DE.mo"; sourceTree = "<group>"; };
		A7C784971D0580B800D7CBD1 /* default-de-DE.po */ = {isa = PBXFileReference; fileEncoding = 4; lastKnownFileType = text; path = "default-de-DE.po"; sourceTree = "<group>"; };
/* End PBXFileReference section */

/* Begin PBXFrameworksBuildPhase section */
		A7C7846E1D057C2600D7CBD1 /* Frameworks */ = {
			isa = PBXFrameworksBuildPhase;
			buildActionMask = 2147483647;
			files = (
				A7C7848D1D057ECE00D7CBD1 /* libstdc++.6.0.9.dylib in Frameworks */,
				A7C7848B1D057E7E00D7CBD1 /* libgettext-ios.a in Frameworks */,
			);
			runOnlyForDeploymentPostprocessing = 0;
		};
/* End PBXFrameworksBuildPhase section */

/* Begin PBXGroup section */
		A7C784681D057C2600D7CBD1 = {
			isa = PBXGroup;
			children = (
				A7C784961D0580B800D7CBD1 /* default-de-DE.mo */,
				A7C784971D0580B800D7CBD1 /* default-de-DE.po */,
				A7C7848C1D057ECE00D7CBD1 /* libstdc++.6.0.9.dylib */,
				A7C7848A1D057E7E00D7CBD1 /* libgettext-ios.a */,
				A7C784871D057D9D00D7CBD1 /* NonObject.h */,
				A7C784881D057D9D00D7CBD1 /* NonObject.m */,
				A7C784731D057C2600D7CBD1 /* gettext-ios-demo-swift */,
				A7C784721D057C2600D7CBD1 /* Products */,
				A7C784861D057D9D00D7CBD1 /* gettext-ios-demo-swift-Bridging-Header.h */,
			);
			sourceTree = "<group>";
		};
		A7C784721D057C2600D7CBD1 /* Products */ = {
			isa = PBXGroup;
			children = (
				A7C784711D057C2600D7CBD1 /* gettext-ios-demo-swift.app */,
			);
			name = Products;
			sourceTree = "<group>";
		};
		A7C784731D057C2600D7CBD1 /* gettext-ios-demo-swift */ = {
			isa = PBXGroup;
			children = (
				A7C784741D057C2600D7CBD1 /* AppDelegate.swift */,
				A7C784761D057C2600D7CBD1 /* ViewController.swift */,
				A7C784781D057C2600D7CBD1 /* Main.storyboard */,
				A7C7847B1D057C2600D7CBD1 /* Assets.xcassets */,
				A7C7847D1D057C2600D7CBD1 /* LaunchScreen.storyboard */,
				A7C784801D057C2600D7CBD1 /* Info.plist */,
			);
			path = "gettext-ios-demo-swift";
			sourceTree = "<group>";
		};
/* End PBXGroup section */

/* Begin PBXNativeTarget section */
		A7C784701D057C2600D7CBD1 /* gettext-ios-demo-swift */ = {
			isa = PBXNativeTarget;
			buildConfigurationList = A7C784831D057C2600D7CBD1 /* Build configuration list for PBXNativeTarget "gettext-ios-demo-swift" */;
			buildPhases = (
				A7C7846D1D057C2600D7CBD1 /* Sources */,
				A7C7846E1D057C2600D7CBD1 /* Frameworks */,
				A7C7846F1D057C2600D7CBD1 /* Resources */,
			);
			buildRules = (
			);
			dependencies = (
			);
			name = "gettext-ios-demo-swift";
			productName = "gettext-ios-demo-swift";
			productReference = A7C784711D057C2600D7CBD1 /* gettext-ios-demo-swift.app */;
			productType = "com.apple.product-type.application";
		};
/* End PBXNativeTarget section */

/* Begin PBXProject section */
		A7C784691D057C2600D7CBD1 /* Project object */ = {
			isa = PBXProject;
			attributes = {
				LastSwiftUpdateCheck = 0730;
				LastUpgradeCheck = 0730;
				ORGANIZATIONNAME = "Klickrent GmbH";
				TargetAttributes = {
					A7C784701D057C2600D7CBD1 = {
						CreatedOnToolsVersion = 7.3.1;
					};
				};
			};
			buildConfigurationList = A7C7846C1D057C2600D7CBD1 /* Build configuration list for PBXProject "gettext-ios-demo-swift" */;
			compatibilityVersion = "Xcode 3.2";
			developmentRegion = English;
			hasScannedForEncodings = 0;
			knownRegions = (
				en,
				Base,
			);
			mainGroup = A7C784681D057C2600D7CBD1;
			productRefGroup = A7C784721D057C2600D7CBD1 /* Products */;
			projectDirPath = "";
			projectRoot = "";
			targets = (
				A7C784701D057C2600D7CBD1 /* gettext-ios-demo-swift */,
			);
		};
/* End PBXProject section */

/* Begin PBXResourcesBuildPhase section */
		A7C7846F1D057C2600D7CBD1 /* Resources */ = {
			isa = PBXResourcesBuildPhase;
			buildActionMask = 2147483647;
			files = (
				A7C7847F1D057C2600D7CBD1 /* LaunchScreen.storyboard in Resources */,
				A7C7847C1D057C2600D7CBD1 /* Assets.xcassets in Resources */,
				A7C784991D0580B800D7CBD1 /* default-de-DE.po in Resources */,
				A7C7847A1D057C2600D7CBD1 /* Main.storyboard in Resources */,
				A7C784981D0580B800D7CBD1 /* default-de-DE.mo in Resources */,
			);
			runOnlyForDeploymentPostprocessing = 0;
		};
/* End PBXResourcesBuildPhase section */

/* Begin PBXSourcesBuildPhase section */
		A7C7846D1D057C2600D7CBD1 /* Sources */ = {
			isa = PBXSourcesBuildPhase;
			buildActionMask = 2147483647;
			files = (
				A7C784771D057C2600D7CBD1 /* ViewController.swift in Sources */,
				A7C784891D057D9D00D7CBD1 /* NonObject.m in Sources */,
				A7C784751D057C2600D7CBD1 /* AppDelegate.swift in Sources */,
			);
			runOnlyForDeploymentPostprocessing = 0;
		};
/* End PBXSourcesBuildPhase section */

/* Begin PBXVariantGroup section */
		A7C784781D057C2600D7CBD1 /* Main.storyboard */ = {
			isa = PBXVariantGroup;
			children = (
				A7C784791D057C2600D7CBD1 /* Base */,
			);
			name = Main.storyboard;
			sourceTree = "<group>";
		};
		A7C7847D1D057C2600D7CBD1 /* LaunchScreen.storyboard */ = {
			isa = PBXVariantGroup;
			children = (
				A7C7847E1D057C2600D7CBD1 /* Base */,
			);
			name = LaunchScreen.storyboard;
			sourceTree = "<group>";
		};
/* End PBXVariantGroup section */

/* Begin XCBuildConfiguration section */
		A7C784811D057C2600D7CBD1 /* Debug */ = {
			isa = XCBuildConfiguration;
			buildSettings = {
				ALWAYS_SEARCH_USER_PATHS = NO;
				CLANG_ANALYZER_NONNULL = YES;
				CLANG_CXX_LANGUAGE_STANDARD = "gnu++0x";
				CLANG_CXX_LIBRARY = "libc++";
				CLANG_ENABLE_MODULES = YES;
				CLANG_ENABLE_OBJC_ARC = YES;
				CLANG_WARN_BOOL_CONVERSION = YES;
				CLANG_WARN_CONSTANT_CONVERSION = YES;
				CLANG_WARN_DIRECT_OBJC_ISA_USAGE = YES_ERROR;
				CLANG_WARN_EMPTY_BODY = YES;
				CLANG_WARN_ENUM_CONVERSION = YES;
				CLANG_WARN_INT_CONVERSION = YES;
				CLANG_WARN_OBJC_ROOT_CLASS = YES_ERROR;
				CLANG_WARN_UNREACHABLE_CODE = YES;
				CLANG_WARN__DUPLICATE_METHOD_MATCH = YES;
				"CODE_SIGN_IDENTITY[sdk=iphoneos*]" = "iPhone Developer";
				COPY_PHASE_STRIP = NO;
				DEBUG_INFORMATION_FORMAT = dwarf;
				ENABLE_STRICT_OBJC_MSGSEND = YES;
				ENABLE_TESTABILITY = YES;
				GCC_C_LANGUAGE_STANDARD = gnu99;
				GCC_DYNAMIC_NO_PIC = NO;
				GCC_NO_COMMON_BLOCKS = YES;
				GCC_OPTIMIZATION_LEVEL = 0;
				GCC_PREPROCESSOR_DEFINITIONS = (
					"DEBUG=1",
					"$(inherited)",
				);
				GCC_WARN_64_TO_32_BIT_CONVERSION = YES;
				GCC_WARN_ABOUT_RETURN_TYPE = YES_ERROR;
				GCC_WARN_UNDECLARED_SELECTOR = YES;
				GCC_WARN_UNINITIALIZED_AUTOS = YES_AGGRESSIVE;
				GCC_WARN_UNUSED_FUNCTION = YES;
				GCC_WARN_UNUSED_VARIABLE = YES;
				IPHONEOS_DEPLOYMENT_TARGET = 9.3;
				MTL_ENABLE_DEBUG_INFO = YES;
				ONLY_ACTIVE_ARCH = YES;
				SDKROOT = iphoneos;
				SWIFT_OPTIMIZATION_LEVEL = "-Onone";
				TARGETED_DEVICE_FAMILY = "1,2";
			};
			name = Debug;
		};
		A7C784821D057C2600D7CBD1 /* Release */ = {
			isa = XCBuildConfiguration;
			buildSettings = {
				ALWAYS_SEARCH_USER_PATHS = NO;
				CLANG_ANALYZER_NONNULL = YES;
				CLANG_CXX_LANGUAGE_STANDARD = "gnu++0x";
				CLANG_CXX_LIBRARY = "libc++";
				CLANG_ENABLE_MODULES = YES;
				CLANG_ENABLE_OBJC_ARC = YES;
				CLANG_WARN_BOOL_CONVERSION = YES;
				CLANG_WARN_CONSTANT_CONVERSION = YES;
				CLANG_WARN_DIRECT_OBJC_ISA_USAGE = YES_ERROR;
				CLANG_WARN_EMPTY_BODY = YES;
				CLANG_WARN_ENUM_CONVERSION = YES;
				CLANG_WARN_INT_CONVERSION = YES;
				CLANG_WARN_OBJC_ROOT_CLASS = YES_ERROR;
				CLANG_WARN_UNREACHABLE_CODE = YES;
				CLANG_WARN__DUPLICATE_METHOD_MATCH = YES;
				"CODE_SIGN_IDENTITY[sdk=iphoneos*]" = "iPhone Developer";
				COPY_PHASE_STRIP = NO;
				DEBUG_INFORMATION_FORMAT = "dwarf-with-dsym";
				ENABLE_NS_ASSERTIONS = NO;
				ENABLE_STRICT_OBJC_MSGSEND = YES;
				GCC_C_LANGUAGE_STANDARD = gnu99;
				GCC_NO_COMMON_BLOCKS = YES;
				GCC_WARN_64_TO_32_BIT_CONVERSION = YES;
				GCC_WARN_ABOUT_RETURN_TYPE = YES_ERROR;
				GCC_WARN_UNDECLARED_SELECTOR = YES;
				GCC_WARN_UNINITIALIZED_AUTOS = YES_AGGRESSIVE;
				GCC_WARN_UNUSED_FUNCTION = YES;
				GCC_WARN_UNUSED_VARIABLE = YES;
				IPHONEOS_DEPLOYMENT_TARGET = 9.3;
				MTL_ENABLE_DEBUG_INFO = NO;
				SDKROOT = iphoneos;
				TARGETED_DEVICE_FAMILY = "1,2";
				VALIDATE_PRODUCT = YES;
			};
			name = Release;
		};
		A7C784841D057C2600D7CBD1 /* Debug */ = {
			isa = XCBuildConfiguration;
			buildSettings = {
				ASSETCATALOG_COMPILER_APPICON_NAME = AppIcon;
				CLANG_ENABLE_MODULES = YES;
				HEADER_SEARCH_PATHS = "$(PROJECT_DIR)/../pomo-iphone";
				INFOPLIST_FILE = "gettext-ios-demo-swift/Info.plist";
				LD_RUNPATH_SEARCH_PATHS = "$(inherited) @executable_path/Frameworks";
				PRODUCT_BUNDLE_IDENTIFIER = "klickrent.gettext-ios-demo-swift";
				PRODUCT_NAME = "$(TARGET_NAME)";
				SWIFT_OBJC_BRIDGING_HEADER = "gettext-ios-demo-swift-Bridging-Header.h";
				SWIFT_OPTIMIZATION_LEVEL = "-Onone";
			};
			name = Debug;
		};
		A7C784851D057C2600D7CBD1 /* Release */ = {
			isa = XCBuildConfiguration;
			buildSettings = {
				ASSETCATALOG_COMPILER_APPICON_NAME = AppIcon;
				CLANG_ENABLE_MODULES = YES;
				HEADER_SEARCH_PATHS = "$(PROJECT_DIR)/../pomo-iphone";
				INFOPLIST_FILE = "gettext-ios-demo-swift/Info.plist";
				LD_RUNPATH_SEARCH_PATHS = "$(inherited) @executable_path/Frameworks";
				PRODUCT_BUNDLE_IDENTIFIER = "klickrent.gettext-ios-demo-swift";
				PRODUCT_NAME = "$(TARGET_NAME)";
				SWIFT_OBJC_BRIDGING_HEADER = "gettext-ios-demo-swift-Bridging-Header.h";
			};
			name = Release;
		};
/* End XCBuildConfiguration section */

/* Begin XCConfigurationList section */
		A7C7846C1D057C2600D7CBD1 /* Build configuration list for PBXProject "gettext-ios-demo-swift" */ = {
			isa = XCConfigurationList;
			buildConfigurations = (
				A7C784811D057C2600D7CBD1 /* Debug */,
				A7C784821D057C2600D7CBD1 /* Release */,
			);
			defaultConfigurationIsVisible = 0;
			defaultConfigurationName = Release;
		};
		A7C784831D057C2600D7CBD1 /* Build configuration list for PBXNativeTarget "gettext-ios-demo-swift" */ = {
			isa = XCConfigurationList;
			buildConfigurations = (
				A7C784841D057C2600D7CBD1 /* Debug */,
				A7C784851D057C2600D7CBD1 /* Release */,
			);
			defaultConfigurationIsVisible = 0;
			defaultConfigurationName = Release;
		};
/* End XCConfigurationList section */
	};
	rootObject = A7C784691D057C2600D7CBD1 /* Project object */;
}
